
Microsoft Visual Studio Solution File, Format Version 12.00
# Visual Studio 15
VisualStudioVersion = 15.0.27703.2042
MinimumVisualStudioVersion = 10.0.40219.1
Project("{FAE04EC0-301F-11D3-BF4B-00C04F79EFBC}") = "VS.Client", "VS.Client\VS.Client.csproj", "{A52E4AD2-2F4E-48DB-873D-DD59057828A0}"
EndProject
Global
	GlobalSection(SolutionConfigurationPlatforms) = preSolution
		Debug|Any CPU = Debug|Any CPU
		Release|Any CPU = Release|Any CPU
	EndGlobalSection
	GlobalSection(ProjectConfigurationPlatforms) = postSolution
		{A52E4AD2-2F4E-48DB-873D-DD59057828A0}.Debug|Any CPU.ActiveCfg = Debug|Any CPU
		{A52E4AD2-2F4E-48DB-873D-DD59057828A0}.Debug|Any CPU.Build.0 = Debug|Any CPU
		{A52E4AD2-2F4E-48DB-873D-DD59057828A0}.Release|Any CPU.ActiveCfg = Release|Any CPU
		{A52E4AD2-2F4E-48DB-873D-DD59057828A0}.Release|Any CPU.Build.0 = Release|Any CPU
	EndGlobalSection
	GlobalSection(SolutionProperties) = preSolution
		HideSolutionNode = FALSE
	EndGlobalSection
	GlobalSection(ExtensibilityGlobals) = postSolution
		SolutionGuid = {527F1778-2B0B-4C43-BD24-0684165C4B81}
	EndGlobalSection
EndGlobal
